
Microsoft Visual Studio Solution File, Format Version 12.00
# Visual Studio Version 17
VisualStudioVersion = 17.8.34525.116
MinimumVisualStudioVersion = 10.0.40219.1
Project("{9A19103F-16F7-4668-BE54-9A1E7A4F7556}") = "KARA.NET", "KARA.NET\KARA.NET.csproj", "{3EDCFF0F-F7A2-4690-892B-3DEE7E97C2BC}"
EndProject
Project("{2150E333-8FDC-42A3-9474-1A3956D46DE8}") = "Framework", "Framework", "{A848CD98-D0EC-4DB0-8917-D9EE335C6CAE}"
EndProject
Project("{2150E333-8FDC-42A3-9474-1A3956D46DE8}") = "KPM", "KPM", "{FDADA1EA-7240-46B6-B26A-33D2D60E7DDB}"
EndProject
Project("{9A19103F-16F7-4668-BE54-9A1E7A4F7556}") = "KARA.NET.Business", "KARA.NET.Business\KARA.NET.Business.csproj", "{97996512-3EA4-445C-B0C9-725D8A4D0BB2}"
EndProject
Project("{9A19103F-16F7-4668-BE54-9A1E7A4F7556}") = "KPM.Business", "KPM.Business\KPM.Business.csproj", "{92E7496C-1B6F-49CF-B7C2-0CED9975D196}"
EndProject
Project("{9A19103F-16F7-4668-BE54-9A1E7A4F7556}") = "KARA.NET.Data.EntityFramework", "KARA.NET.Data.EntityFramework\KARA.NET.Data.EntityFramework.csproj", "{594976A4-4E41-469A-BC9F-E7A9555562C5}"
EndProject
Project("{9A19103F-16F7-4668-BE54-9A1E7A4F7556}") = "KPM.Entities", "KPM.Entities\KPM.Entities.csproj", "{96775DEC-0BB9-43F0-8BB9-BBE044D8DC06}"
EndProject
Project("{9A19103F-16F7-4668-BE54-9A1E7A4F7556}") = "KPM.Models", "KPM.Models\KPM.Models.csproj", "{FB691FAE-9297-4301-9140-03AF19F08FD9}"
EndProject
Project("{FAE04EC0-301F-11D3-BF4B-00C04F79EFBC}") = "KARA.NET.Data", "KARA.NET.Data\KARA.NET.Data.csproj", "{D125AE2C-DC3D-4358-B26D-989D797C1DB5}"
EndProject
Global
	GlobalSection(SolutionConfigurationPlatforms) = preSolution
		Debug|Any CPU = Debug|Any CPU
		Release|Any CPU = Release|Any CPU
	EndGlobalSection
	GlobalSection(ProjectConfigurationPlatforms) = postSolution
		{3EDCFF0F-F7A2-4690-892B-3DEE7E97C2BC}.Debug|Any CPU.ActiveCfg = Debug|Any CPU
		{3EDCFF0F-F7A2-4690-892B-3DEE7E97C2BC}.Debug|Any CPU.Build.0 = Debug|Any CPU
		{3EDCFF0F-F7A2-4690-892B-3DEE7E97C2BC}.Release|Any CPU.ActiveCfg = Release|Any CPU
		{3EDCFF0F-F7A2-4690-892B-3DEE7E97C2BC}.Release|Any CPU.Build.0 = Release|Any CPU
		{97996512-3EA4-445C-B0C9-725D8A4D0BB2}.Debug|Any CPU.ActiveCfg = Debug|Any CPU
		{97996512-3EA4-445C-B0C9-725D8A4D0BB2}.Debug|Any CPU.Build.0 = Debug|Any CPU
		{97996512-3EA4-445C-B0C9-725D8A4D0BB2}.Release|Any CPU.ActiveCfg = Release|Any CPU
		{97996512-3EA4-445C-B0C9-725D8A4D0BB2}.Release|Any CPU.Build.0 = Release|Any CPU
		{92E7496C-1B6F-49CF-B7C2-0CED9975D196}.Debug|Any CPU.ActiveCfg = Debug|Any CPU
		{92E7496C-1B6F-49CF-B7C2-0CED9975D196}.Debug|Any CPU.Build.0 = Debug|Any CPU
		{92E7496C-1B6F-49CF-B7C2-0CED9975D196}.Release|Any CPU.ActiveCfg = Release|Any CPU
		{92E7496C-1B6F-49CF-B7C2-0CED9975D196}.Release|Any CPU.Build.0 = Release|Any CPU
		{594976A4-4E41-469A-BC9F-E7A9555562C5}.Debug|Any CPU.ActiveCfg = Debug|Any CPU
		{594976A4-4E41-469A-BC9F-E7A9555562C5}.Debug|Any CPU.Build.0 = Debug|Any CPU
		{594976A4-4E41-469A-BC9F-E7A9555562C5}.Release|Any CPU.ActiveCfg = Release|Any CPU
		{594976A4-4E41-469A-BC9F-E7A9555562C5}.Release|Any CPU.Build.0 = Release|Any CPU
		{96775DEC-0BB9-43F0-8BB9-BBE044D8DC06}.Debug|Any CPU.ActiveCfg = Debug|Any CPU
		{96775DEC-0BB9-43F0-8BB9-BBE044D8DC06}.Debug|Any CPU.Build.0 = Debug|Any CPU
		{96775DEC-0BB9-43F0-8BB9-BBE044D8DC06}.Release|Any CPU.ActiveCfg = Release|Any CPU
		{96775DEC-0BB9-43F0-8BB9-BBE044D8DC06}.Release|Any CPU.Build.0 = Release|Any CPU
		{FB691FAE-9297-4301-9140-03AF19F08FD9}.Debug|Any CPU.ActiveCfg = Debug|Any CPU
		{FB691FAE-9297-4301-9140-03AF19F08FD9}.Debug|Any CPU.Build.0 = Debug|Any CPU
		{FB691FAE-9297-4301-9140-03AF19F08FD9}.Release|Any CPU.ActiveCfg = Release|Any CPU
		{FB691FAE-9297-4301-9140-03AF19F08FD9}.Release|Any CPU.Build.0 = Release|Any CPU
		{D125AE2C-DC3D-4358-B26D-989D797C1DB5}.Debug|Any CPU.ActiveCfg = Debug|Any CPU
		{D125AE2C-DC3D-4358-B26D-989D797C1DB5}.Debug|Any CPU.Build.0 = Debug|Any CPU
		{D125AE2C-DC3D-4358-B26D-989D797C1DB5}.Release|Any CPU.ActiveCfg = Release|Any CPU
		{D125AE2C-DC3D-4358-B26D-989D797C1DB5}.Release|Any CPU.Build.0 = Release|Any CPU
	EndGlobalSection
	GlobalSection(SolutionProperties) = preSolution
		HideSolutionNode = FALSE
	EndGlobalSection
	GlobalSection(NestedProjects) = preSolution
		{3EDCFF0F-F7A2-4690-892B-3DEE7E97C2BC} = {A848CD98-D0EC-4DB0-8917-D9EE335C6CAE}
		{97996512-3EA4-445C-B0C9-725D8A4D0BB2} = {A848CD98-D0EC-4DB0-8917-D9EE335C6CAE}
		{92E7496C-1B6F-49CF-B7C2-0CED9975D196} = {FDADA1EA-7240-46B6-B26A-33D2D60E7DDB}
		{594976A4-4E41-469A-BC9F-E7A9555562C5} = {A848CD98-D0EC-4DB0-8917-D9EE335C6CAE}
		{96775DEC-0BB9-43F0-8BB9-BBE044D8DC06} = {FDADA1EA-7240-46B6-B26A-33D2D60E7DDB}
		{FB691FAE-9297-4301-9140-03AF19F08FD9} = {FDADA1EA-7240-46B6-B26A-33D2D60E7DDB}
		{D125AE2C-DC3D-4358-B26D-989D797C1DB5} = {A848CD98-D0EC-4DB0-8917-D9EE335C6CAE}
	EndGlobalSection
	GlobalSection(ExtensibilityGlobals) = postSolution
		SolutionGuid = {A2D607EF-AC6D-43FA-8AF9-4BF208763BF3}
	EndGlobalSection
EndGlobal
