
Microsoft Visual Studio Solution File, Format Version 12.00
# Visual Studio Version 17
VisualStudioVersion = 17.8.34525.116
MinimumVisualStudioVersion = 10.0.40219.1
Project("{9A19103F-16F7-4668-BE54-9A1E7A4F7556}") = "KARA.NET", "KARA.NET\KARA.NET.csproj", "{3EDCFF0F-F7A2-4690-892B-3DEE7E97C2BC}"
EndProject
Project("{2150E333-8FDC-42A3-9474-1A3956D46DE8}") = "Framework", "Framework", "{A848CD98-D0EC-4DB0-8917-D9EE335C6CAE}"
EndProject
Project("{9A19103F-16F7-4668-BE54-9A1E7A4F7556}") = "PasswordManager.Business", "PasswordManager.Business\PasswordManager.Business.csproj", "{92E7496C-1B6F-49CF-B7C2-0CED9975D196}"
EndProject
Project("{9A19103F-16F7-4668-BE54-9A1E7A4F7556}") = "KARA.NET.Data.EntityFramework", "KARA.NET.Data.EntityFramework\KARA.NET.Data.EntityFramework.csproj", "{594976A4-4E41-469A-BC9F-E7A9555562C5}"
EndProject
Project("{9A19103F-16F7-4668-BE54-9A1E7A4F7556}") = "PasswordManager.Entities", "PasswordManager.Entities\PasswordManager.Entities.csproj", "{96775DEC-0BB9-43F0-8BB9-BBE044D8DC06}"
EndProject
Project("{9A19103F-16F7-4668-BE54-9A1E7A4F7556}") = "PasswordManager.Models", "PasswordManager.Models\PasswordManager.Models.csproj", "{FB691FAE-9297-4301-9140-03AF19F08FD9}"
EndProject
Project("{9A19103F-16F7-4668-BE54-9A1E7A4F7556}") = "PasswordManager.Data.EntityFramework", "PasswordManager.Data.EntityFramework\PasswordManager.Data.EntityFramework.csproj", "{52EEE6FF-C882-4320-835D-CD08C1B10B1F}"
EndProject
Project("{9A19103F-16F7-4668-BE54-9A1E7A4F7556}") = "KARA.NET.Data", "KARA.NET.Data\KARA.NET.Data.csproj", "{DAE95EF8-A345-4E2A-B342-5A22F2F64DD5}"
EndProject
Project("{9A19103F-16F7-4668-BE54-9A1E7A4F7556}") = "KARA.NET.Entities", "KARA.NET.Entities\KARA.NET.Entities.csproj", "{E7C90400-1572-40EF-ABE8-E3638F835F7B}"
EndProject
Project("{9A19103F-16F7-4668-BE54-9A1E7A4F7556}") = "KARA.NET.Business", "KARA.NET.Business\KARA.NET.Business.csproj", "{82C4FF13-42F2-45CE-BEAC-EA5D93B8ABF3}"
EndProject
Project("{9A19103F-16F7-4668-BE54-9A1E7A4F7556}") = "KARA.NET.Blazor.Radzen2", "KARA.NET.Blazor.Radzen\KARA.NET.Blazor.Radzen2.csproj", "{F024E4A1-A903-4855-AA25-ADE961C105A2}"
EndProject
Project("{2150E333-8FDC-42A3-9474-1A3956D46DE8}") = "Presenter", "Presenter", "{ACD63491-572E-460D-BCD1-F4CA014EB0E6}"
EndProject
Project("{9A19103F-16F7-4668-BE54-9A1E7A4F7556}") = "KARA.NET.Web", "KARA.NET.Web\KARA.NET.Web.csproj", "{F0C392D8-4838-4072-AF77-7AD013791F22}"
EndProject
Project("{2150E333-8FDC-42A3-9474-1A3956D46DE8}") = "Modules", "Modules", "{09C860FA-D839-47C1-A112-826799002038}"
EndProject
Project("{9A19103F-16F7-4668-BE54-9A1E7A4F7556}") = "PasswordManager.Blazor", "PasswordManager.Blazor\PasswordManager.Blazor.csproj", "{A2F9347B-14F2-4216-9C8A-896F20D6DC24}"
EndProject
Project("{9A19103F-16F7-4668-BE54-9A1E7A4F7556}") = "KARA.NET.Blazor.Bootstrap", "KARA.NET.Blazor.Bootstrap\KARA.NET.Blazor.Bootstrap.csproj", "{BBC7E666-0783-44D1-858D-FB07962C9034}"
EndProject
Project("{9A19103F-16F7-4668-BE54-9A1E7A4F7556}") = "PasswordManager", "PasswordManager\PasswordManager.csproj", "{327670E0-8571-4757-80BC-255F357E6798}"
EndProject
Project("{9A19103F-16F7-4668-BE54-9A1E7A4F7556}") = "Authorization.Entities", "Authorization.Entities\Authorization.Entities.csproj", "{099D3611-8746-4C52-AD51-BC7BF2C7E4BD}"
EndProject
Project("{9A19103F-16F7-4668-BE54-9A1E7A4F7556}") = "Authorization", "Authorization\Authorization.csproj", "{BFE100D4-FDC5-461D-A45C-CE8D2FC941F2}"
EndProject
Project("{9A19103F-16F7-4668-BE54-9A1E7A4F7556}") = "Authorization.Models", "Authorization.Models\Authorization.Models.csproj", "{D5A4010A-98FA-4B2F-AE0C-6F0A434CA1C9}"
EndProject
Project("{9A19103F-16F7-4668-BE54-9A1E7A4F7556}") = "Authorization.Data.EntityFramework", "Authorization.Data.EntityFramework\Authorization.Data.EntityFramework.csproj", "{B2355DF1-9C08-45CB-8D12-02EC01B0A45C}"
EndProject
Project("{9A19103F-16F7-4668-BE54-9A1E7A4F7556}") = "Authorization.Business", "Authorization.Business\Authorization.Business.csproj", "{301DC4E6-D00D-4779-8A75-342B1ADDF444}"
EndProject
Project("{9A19103F-16F7-4668-BE54-9A1E7A4F7556}") = "Authorization.Blazor", "Authorization.Blazor\Authorization.Blazor.csproj", "{B46BE47C-0067-45C7-8E03-62488C93614B}"
EndProject
Project("{9A19103F-16F7-4668-BE54-9A1E7A4F7556}") = "KARA.NET.Storage", "KARA.NET.Storage\KARA.NET.Storage.csproj", "{64CD5738-0DB1-4650-BA87-24A810858B44}"
EndProject
Project("{9A19103F-16F7-4668-BE54-9A1E7A4F7556}") = "KARA.NET.Storage.Blazor", "KARA.NET.Storage.Blazor\KARA.NET.Storage.Blazor.csproj", "{78A6EEE6-6961-4364-B89C-5878D812026B}"
EndProject
Project("{FAE04EC0-301F-11D3-BF4B-00C04F79EFBC}") = "PasswordManager.Data", "PasswordManager.Data\PasswordManager.Data.csproj", "{BD8243A9-E452-41C4-8F96-D7BB51DC3F29}"
EndProject
Project("{FAE04EC0-301F-11D3-BF4B-00C04F79EFBC}") = "Authorization.Data", "Authorization.Data\Authorization.Data.csproj", "{B2AFF7B5-C18B-4A81-B72B-BCD0EFC0822F}"
EndProject
Global
	GlobalSection(SolutionConfigurationPlatforms) = preSolution
		Debug|Any CPU = Debug|Any CPU
		Release|Any CPU = Release|Any CPU
	EndGlobalSection
	GlobalSection(ProjectConfigurationPlatforms) = postSolution
		{3EDCFF0F-F7A2-4690-892B-3DEE7E97C2BC}.Debug|Any CPU.ActiveCfg = Debug|Any CPU
		{3EDCFF0F-F7A2-4690-892B-3DEE7E97C2BC}.Debug|Any CPU.Build.0 = Debug|Any CPU
		{3EDCFF0F-F7A2-4690-892B-3DEE7E97C2BC}.Release|Any CPU.ActiveCfg = Release|Any CPU
		{3EDCFF0F-F7A2-4690-892B-3DEE7E97C2BC}.Release|Any CPU.Build.0 = Release|Any CPU
		{92E7496C-1B6F-49CF-B7C2-0CED9975D196}.Debug|Any CPU.ActiveCfg = Debug|Any CPU
		{92E7496C-1B6F-49CF-B7C2-0CED9975D196}.Debug|Any CPU.Build.0 = Debug|Any CPU
		{92E7496C-1B6F-49CF-B7C2-0CED9975D196}.Release|Any CPU.ActiveCfg = Release|Any CPU
		{92E7496C-1B6F-49CF-B7C2-0CED9975D196}.Release|Any CPU.Build.0 = Release|Any CPU
		{594976A4-4E41-469A-BC9F-E7A9555562C5}.Debug|Any CPU.ActiveCfg = Debug|Any CPU
		{594976A4-4E41-469A-BC9F-E7A9555562C5}.Debug|Any CPU.Build.0 = Debug|Any CPU
		{594976A4-4E41-469A-BC9F-E7A9555562C5}.Release|Any CPU.ActiveCfg = Release|Any CPU
		{594976A4-4E41-469A-BC9F-E7A9555562C5}.Release|Any CPU.Build.0 = Release|Any CPU
		{96775DEC-0BB9-43F0-8BB9-BBE044D8DC06}.Debug|Any CPU.ActiveCfg = Debug|Any CPU
		{96775DEC-0BB9-43F0-8BB9-BBE044D8DC06}.Debug|Any CPU.Build.0 = Debug|Any CPU
		{96775DEC-0BB9-43F0-8BB9-BBE044D8DC06}.Release|Any CPU.ActiveCfg = Release|Any CPU
		{96775DEC-0BB9-43F0-8BB9-BBE044D8DC06}.Release|Any CPU.Build.0 = Release|Any CPU
		{FB691FAE-9297-4301-9140-03AF19F08FD9}.Debug|Any CPU.ActiveCfg = Debug|Any CPU
		{FB691FAE-9297-4301-9140-03AF19F08FD9}.Debug|Any CPU.Build.0 = Debug|Any CPU
		{FB691FAE-9297-4301-9140-03AF19F08FD9}.Release|Any CPU.ActiveCfg = Release|Any CPU
		{FB691FAE-9297-4301-9140-03AF19F08FD9}.Release|Any CPU.Build.0 = Release|Any CPU
		{52EEE6FF-C882-4320-835D-CD08C1B10B1F}.Debug|Any CPU.ActiveCfg = Debug|Any CPU
		{52EEE6FF-C882-4320-835D-CD08C1B10B1F}.Debug|Any CPU.Build.0 = Debug|Any CPU
		{52EEE6FF-C882-4320-835D-CD08C1B10B1F}.Release|Any CPU.ActiveCfg = Release|Any CPU
		{52EEE6FF-C882-4320-835D-CD08C1B10B1F}.Release|Any CPU.Build.0 = Release|Any CPU
		{DAE95EF8-A345-4E2A-B342-5A22F2F64DD5}.Debug|Any CPU.ActiveCfg = Debug|Any CPU
		{DAE95EF8-A345-4E2A-B342-5A22F2F64DD5}.Debug|Any CPU.Build.0 = Debug|Any CPU
		{DAE95EF8-A345-4E2A-B342-5A22F2F64DD5}.Release|Any CPU.ActiveCfg = Release|Any CPU
		{DAE95EF8-A345-4E2A-B342-5A22F2F64DD5}.Release|Any CPU.Build.0 = Release|Any CPU
		{E7C90400-1572-40EF-ABE8-E3638F835F7B}.Debug|Any CPU.ActiveCfg = Debug|Any CPU
		{E7C90400-1572-40EF-ABE8-E3638F835F7B}.Debug|Any CPU.Build.0 = Debug|Any CPU
		{E7C90400-1572-40EF-ABE8-E3638F835F7B}.Release|Any CPU.ActiveCfg = Release|Any CPU
		{E7C90400-1572-40EF-ABE8-E3638F835F7B}.Release|Any CPU.Build.0 = Release|Any CPU
		{82C4FF13-42F2-45CE-BEAC-EA5D93B8ABF3}.Debug|Any CPU.ActiveCfg = Debug|Any CPU
		{82C4FF13-42F2-45CE-BEAC-EA5D93B8ABF3}.Debug|Any CPU.Build.0 = Debug|Any CPU
		{82C4FF13-42F2-45CE-BEAC-EA5D93B8ABF3}.Release|Any CPU.ActiveCfg = Release|Any CPU
		{82C4FF13-42F2-45CE-BEAC-EA5D93B8ABF3}.Release|Any CPU.Build.0 = Release|Any CPU
		{F024E4A1-A903-4855-AA25-ADE961C105A2}.Debug|Any CPU.ActiveCfg = Debug|Any CPU
		{F024E4A1-A903-4855-AA25-ADE961C105A2}.Debug|Any CPU.Build.0 = Debug|Any CPU
		{F024E4A1-A903-4855-AA25-ADE961C105A2}.Release|Any CPU.ActiveCfg = Release|Any CPU
		{F024E4A1-A903-4855-AA25-ADE961C105A2}.Release|Any CPU.Build.0 = Release|Any CPU
		{F0C392D8-4838-4072-AF77-7AD013791F22}.Debug|Any CPU.ActiveCfg = Debug|Any CPU
		{F0C392D8-4838-4072-AF77-7AD013791F22}.Debug|Any CPU.Build.0 = Debug|Any CPU
		{F0C392D8-4838-4072-AF77-7AD013791F22}.Release|Any CPU.ActiveCfg = Release|Any CPU
		{F0C392D8-4838-4072-AF77-7AD013791F22}.Release|Any CPU.Build.0 = Release|Any CPU
		{A2F9347B-14F2-4216-9C8A-896F20D6DC24}.Debug|Any CPU.ActiveCfg = Debug|Any CPU
		{A2F9347B-14F2-4216-9C8A-896F20D6DC24}.Debug|Any CPU.Build.0 = Debug|Any CPU
		{A2F9347B-14F2-4216-9C8A-896F20D6DC24}.Release|Any CPU.ActiveCfg = Release|Any CPU
		{A2F9347B-14F2-4216-9C8A-896F20D6DC24}.Release|Any CPU.Build.0 = Release|Any CPU
		{BBC7E666-0783-44D1-858D-FB07962C9034}.Debug|Any CPU.ActiveCfg = Debug|Any CPU
		{BBC7E666-0783-44D1-858D-FB07962C9034}.Debug|Any CPU.Build.0 = Debug|Any CPU
		{BBC7E666-0783-44D1-858D-FB07962C9034}.Release|Any CPU.ActiveCfg = Release|Any CPU
		{BBC7E666-0783-44D1-858D-FB07962C9034}.Release|Any CPU.Build.0 = Release|Any CPU
		{327670E0-8571-4757-80BC-255F357E6798}.Debug|Any CPU.ActiveCfg = Debug|Any CPU
		{327670E0-8571-4757-80BC-255F357E6798}.Debug|Any CPU.Build.0 = Debug|Any CPU
		{327670E0-8571-4757-80BC-255F357E6798}.Release|Any CPU.ActiveCfg = Release|Any CPU
		{327670E0-8571-4757-80BC-255F357E6798}.Release|Any CPU.Build.0 = Release|Any CPU
		{099D3611-8746-4C52-AD51-BC7BF2C7E4BD}.Debug|Any CPU.ActiveCfg = Debug|Any CPU
		{099D3611-8746-4C52-AD51-BC7BF2C7E4BD}.Debug|Any CPU.Build.0 = Debug|Any CPU
		{099D3611-8746-4C52-AD51-BC7BF2C7E4BD}.Release|Any CPU.ActiveCfg = Release|Any CPU
		{099D3611-8746-4C52-AD51-BC7BF2C7E4BD}.Release|Any CPU.Build.0 = Release|Any CPU
		{BFE100D4-FDC5-461D-A45C-CE8D2FC941F2}.Debug|Any CPU.ActiveCfg = Debug|Any CPU
		{BFE100D4-FDC5-461D-A45C-CE8D2FC941F2}.Debug|Any CPU.Build.0 = Debug|Any CPU
		{BFE100D4-FDC5-461D-A45C-CE8D2FC941F2}.Release|Any CPU.ActiveCfg = Release|Any CPU
		{BFE100D4-FDC5-461D-A45C-CE8D2FC941F2}.Release|Any CPU.Build.0 = Release|Any CPU
		{D5A4010A-98FA-4B2F-AE0C-6F0A434CA1C9}.Debug|Any CPU.ActiveCfg = Debug|Any CPU
		{D5A4010A-98FA-4B2F-AE0C-6F0A434CA1C9}.Debug|Any CPU.Build.0 = Debug|Any CPU
		{D5A4010A-98FA-4B2F-AE0C-6F0A434CA1C9}.Release|Any CPU.ActiveCfg = Release|Any CPU
		{D5A4010A-98FA-4B2F-AE0C-6F0A434CA1C9}.Release|Any CPU.Build.0 = Release|Any CPU
		{B2355DF1-9C08-45CB-8D12-02EC01B0A45C}.Debug|Any CPU.ActiveCfg = Debug|Any CPU
		{B2355DF1-9C08-45CB-8D12-02EC01B0A45C}.Debug|Any CPU.Build.0 = Debug|Any CPU
		{B2355DF1-9C08-45CB-8D12-02EC01B0A45C}.Release|Any CPU.ActiveCfg = Release|Any CPU
		{B2355DF1-9C08-45CB-8D12-02EC01B0A45C}.Release|Any CPU.Build.0 = Release|Any CPU
		{301DC4E6-D00D-4779-8A75-342B1ADDF444}.Debug|Any CPU.ActiveCfg = Debug|Any CPU
		{301DC4E6-D00D-4779-8A75-342B1ADDF444}.Debug|Any CPU.Build.0 = Debug|Any CPU
		{301DC4E6-D00D-4779-8A75-342B1ADDF444}.Release|Any CPU.ActiveCfg = Release|Any CPU
		{301DC4E6-D00D-4779-8A75-342B1ADDF444}.Release|Any CPU.Build.0 = Release|Any CPU
		{B46BE47C-0067-45C7-8E03-62488C93614B}.Debug|Any CPU.ActiveCfg = Debug|Any CPU
		{B46BE47C-0067-45C7-8E03-62488C93614B}.Debug|Any CPU.Build.0 = Debug|Any CPU
		{B46BE47C-0067-45C7-8E03-62488C93614B}.Release|Any CPU.ActiveCfg = Release|Any CPU
		{B46BE47C-0067-45C7-8E03-62488C93614B}.Release|Any CPU.Build.0 = Release|Any CPU
		{64CD5738-0DB1-4650-BA87-24A810858B44}.Debug|Any CPU.ActiveCfg = Debug|Any CPU
		{64CD5738-0DB1-4650-BA87-24A810858B44}.Debug|Any CPU.Build.0 = Debug|Any CPU
		{64CD5738-0DB1-4650-BA87-24A810858B44}.Release|Any CPU.ActiveCfg = Release|Any CPU
		{64CD5738-0DB1-4650-BA87-24A810858B44}.Release|Any CPU.Build.0 = Release|Any CPU
		{78A6EEE6-6961-4364-B89C-5878D812026B}.Debug|Any CPU.ActiveCfg = Debug|Any CPU
		{78A6EEE6-6961-4364-B89C-5878D812026B}.Debug|Any CPU.Build.0 = Debug|Any CPU
		{78A6EEE6-6961-4364-B89C-5878D812026B}.Release|Any CPU.ActiveCfg = Release|Any CPU
		{78A6EEE6-6961-4364-B89C-5878D812026B}.Release|Any CPU.Build.0 = Release|Any CPU
		{BD8243A9-E452-41C4-8F96-D7BB51DC3F29}.Debug|Any CPU.ActiveCfg = Debug|Any CPU
		{BD8243A9-E452-41C4-8F96-D7BB51DC3F29}.Debug|Any CPU.Build.0 = Debug|Any CPU
		{BD8243A9-E452-41C4-8F96-D7BB51DC3F29}.Release|Any CPU.ActiveCfg = Release|Any CPU
		{BD8243A9-E452-41C4-8F96-D7BB51DC3F29}.Release|Any CPU.Build.0 = Release|Any CPU
		{B2AFF7B5-C18B-4A81-B72B-BCD0EFC0822F}.Debug|Any CPU.ActiveCfg = Debug|Any CPU
		{B2AFF7B5-C18B-4A81-B72B-BCD0EFC0822F}.Debug|Any CPU.Build.0 = Debug|Any CPU
		{B2AFF7B5-C18B-4A81-B72B-BCD0EFC0822F}.Release|Any CPU.ActiveCfg = Release|Any CPU
		{B2AFF7B5-C18B-4A81-B72B-BCD0EFC0822F}.Release|Any CPU.Build.0 = Release|Any CPU
	EndGlobalSection
	GlobalSection(SolutionProperties) = preSolution
		HideSolutionNode = FALSE
	EndGlobalSection
	GlobalSection(NestedProjects) = preSolution
		{3EDCFF0F-F7A2-4690-892B-3DEE7E97C2BC} = {A848CD98-D0EC-4DB0-8917-D9EE335C6CAE}
		{92E7496C-1B6F-49CF-B7C2-0CED9975D196} = {09C860FA-D839-47C1-A112-826799002038}
		{594976A4-4E41-469A-BC9F-E7A9555562C5} = {A848CD98-D0EC-4DB0-8917-D9EE335C6CAE}
		{96775DEC-0BB9-43F0-8BB9-BBE044D8DC06} = {09C860FA-D839-47C1-A112-826799002038}
		{FB691FAE-9297-4301-9140-03AF19F08FD9} = {09C860FA-D839-47C1-A112-826799002038}
		{52EEE6FF-C882-4320-835D-CD08C1B10B1F} = {09C860FA-D839-47C1-A112-826799002038}
		{DAE95EF8-A345-4E2A-B342-5A22F2F64DD5} = {A848CD98-D0EC-4DB0-8917-D9EE335C6CAE}
		{E7C90400-1572-40EF-ABE8-E3638F835F7B} = {A848CD98-D0EC-4DB0-8917-D9EE335C6CAE}
		{82C4FF13-42F2-45CE-BEAC-EA5D93B8ABF3} = {A848CD98-D0EC-4DB0-8917-D9EE335C6CAE}
		{F024E4A1-A903-4855-AA25-ADE961C105A2} = {A848CD98-D0EC-4DB0-8917-D9EE335C6CAE}
		{F0C392D8-4838-4072-AF77-7AD013791F22} = {ACD63491-572E-460D-BCD1-F4CA014EB0E6}
		{A2F9347B-14F2-4216-9C8A-896F20D6DC24} = {09C860FA-D839-47C1-A112-826799002038}
		{BBC7E666-0783-44D1-858D-FB07962C9034} = {A848CD98-D0EC-4DB0-8917-D9EE335C6CAE}
		{327670E0-8571-4757-80BC-255F357E6798} = {09C860FA-D839-47C1-A112-826799002038}
		{099D3611-8746-4C52-AD51-BC7BF2C7E4BD} = {09C860FA-D839-47C1-A112-826799002038}
		{BFE100D4-FDC5-461D-A45C-CE8D2FC941F2} = {09C860FA-D839-47C1-A112-826799002038}
		{D5A4010A-98FA-4B2F-AE0C-6F0A434CA1C9} = {09C860FA-D839-47C1-A112-826799002038}
		{B2355DF1-9C08-45CB-8D12-02EC01B0A45C} = {09C860FA-D839-47C1-A112-826799002038}
		{301DC4E6-D00D-4779-8A75-342B1ADDF444} = {09C860FA-D839-47C1-A112-826799002038}
		{B46BE47C-0067-45C7-8E03-62488C93614B} = {09C860FA-D839-47C1-A112-826799002038}
		{64CD5738-0DB1-4650-BA87-24A810858B44} = {A848CD98-D0EC-4DB0-8917-D9EE335C6CAE}
		{78A6EEE6-6961-4364-B89C-5878D812026B} = {A848CD98-D0EC-4DB0-8917-D9EE335C6CAE}
		{BD8243A9-E452-41C4-8F96-D7BB51DC3F29} = {09C860FA-D839-47C1-A112-826799002038}
		{B2AFF7B5-C18B-4A81-B72B-BCD0EFC0822F} = {09C860FA-D839-47C1-A112-826799002038}
	EndGlobalSection
	GlobalSection(ExtensibilityGlobals) = postSolution
		SolutionGuid = {A2D607EF-AC6D-43FA-8AF9-4BF208763BF3}
	EndGlobalSection
EndGlobal
